
Microsoft Visual Studio Solution File, Format Version 12.00
# Visual Studio Version 17
VisualStudioVersion = 17.8.34330.188
MinimumVisualStudioVersion = 10.0.40219.1
Project("{9A19103F-16F7-4668-BE54-9A1E7A4F7556}") = "Searcher", "Searcher\Searcher.csproj", "{227718EF-3232-4633-9C70-C6A3F2C8DC00}"
EndProject
Project("{2150E333-8FDC-42A3-9474-1A3956D46DE8}") = "Solution Items", "Solution Items", "{912B6397-F24A-4E69-9963-6FD1BCAD5470}"
	ProjectSection(SolutionItems) = preProject
		LICENSE.txt = LICENSE.txt
		README.md = README.md
	EndProjectSection
EndProject
Project("{9A19103F-16F7-4668-BE54-9A1E7A4F7556}") = "ToolTipListBox", "ToolTipListBox\ToolTipListBox.csproj", "{C263D4E2-47F3-440E-9506-DC90FAE5B479}"
EndProject
Project("{9A19103F-16F7-4668-BE54-9A1E7A4F7556}") = "SearcherWpf", "SearcherWpf\SearcherWpf.csproj", "{1C7B3B36-D5FB-4A64-B0BE-2454D5F7382A}"
EndProject
Global
	GlobalSection(SolutionConfigurationPlatforms) = preSolution
		Debug|Any CPU = Debug|Any CPU
		Debug|arm64 = Debug|arm64
		Debug|x64 = Debug|x64
		Debug|x86 = Debug|x86
		Release|Any CPU = Release|Any CPU
		Release|arm64 = Release|arm64
		Release|x64 = Release|x64
		Release|x86 = Release|x86
	EndGlobalSection
	GlobalSection(ProjectConfigurationPlatforms) = postSolution
		{227718EF-3232-4633-9C70-C6A3F2C8DC00}.Debug|Any CPU.ActiveCfg = Debug|Any CPU
		{227718EF-3232-4633-9C70-C6A3F2C8DC00}.Debug|Any CPU.Build.0 = Debug|Any CPU
		{227718EF-3232-4633-9C70-C6A3F2C8DC00}.Debug|arm64.ActiveCfg = Debug|Any CPU
		{227718EF-3232-4633-9C70-C6A3F2C8DC00}.Debug|arm64.Build.0 = Debug|Any CPU
		{227718EF-3232-4633-9C70-C6A3F2C8DC00}.Debug|x64.ActiveCfg = Debug|Any CPU
		{227718EF-3232-4633-9C70-C6A3F2C8DC00}.Debug|x64.Build.0 = Debug|Any CPU
		{227718EF-3232-4633-9C70-C6A3F2C8DC00}.Debug|x86.ActiveCfg = Debug|Any CPU
		{227718EF-3232-4633-9C70-C6A3F2C8DC00}.Debug|x86.Build.0 = Debug|Any CPU
		{227718EF-3232-4633-9C70-C6A3F2C8DC00}.Release|Any CPU.ActiveCfg = Release|Any CPU
		{227718EF-3232-4633-9C70-C6A3F2C8DC00}.Release|Any CPU.Build.0 = Release|Any CPU
		{227718EF-3232-4633-9C70-C6A3F2C8DC00}.Release|arm64.ActiveCfg = Release|Any CPU
		{227718EF-3232-4633-9C70-C6A3F2C8DC00}.Release|arm64.Build.0 = Release|Any CPU
		{227718EF-3232-4633-9C70-C6A3F2C8DC00}.Release|x64.ActiveCfg = Release|Any CPU
		{227718EF-3232-4633-9C70-C6A3F2C8DC00}.Release|x64.Build.0 = Release|Any CPU
		{227718EF-3232-4633-9C70-C6A3F2C8DC00}.Release|x86.ActiveCfg = Release|Any CPU
		{227718EF-3232-4633-9C70-C6A3F2C8DC00}.Release|x86.Build.0 = Release|Any CPU
		{C263D4E2-47F3-440E-9506-DC90FAE5B479}.Debug|Any CPU.ActiveCfg = Debug|Any CPU
		{C263D4E2-47F3-440E-9506-DC90FAE5B479}.Debug|Any CPU.Build.0 = Debug|Any CPU
		{C263D4E2-47F3-440E-9506-DC90FAE5B479}.Debug|arm64.ActiveCfg = Debug|Any CPU
		{C263D4E2-47F3-440E-9506-DC90FAE5B479}.Debug|arm64.Build.0 = Debug|Any CPU
		{C263D4E2-47F3-440E-9506-DC90FAE5B479}.Debug|x64.ActiveCfg = Debug|Any CPU
		{C263D4E2-47F3-440E-9506-DC90FAE5B479}.Debug|x64.Build.0 = Debug|Any CPU
		{C263D4E2-47F3-440E-9506-DC90FAE5B479}.Debug|x86.ActiveCfg = Debug|Any CPU
		{C263D4E2-47F3-440E-9506-DC90FAE5B479}.Debug|x86.Build.0 = Debug|Any CPU
		{C263D4E2-47F3-440E-9506-DC90FAE5B479}.Release|Any CPU.ActiveCfg = Release|Any CPU
		{C263D4E2-47F3-440E-9506-DC90FAE5B479}.Release|Any CPU.Build.0 = Release|Any CPU
		{C263D4E2-47F3-440E-9506-DC90FAE5B479}.Release|arm64.ActiveCfg = Release|Any CPU
		{C263D4E2-47F3-440E-9506-DC90FAE5B479}.Release|arm64.Build.0 = Release|Any CPU
		{C263D4E2-47F3-440E-9506-DC90FAE5B479}.Release|x64.ActiveCfg = Release|Any CPU
		{C263D4E2-47F3-440E-9506-DC90FAE5B479}.Release|x64.Build.0 = Release|Any CPU
		{C263D4E2-47F3-440E-9506-DC90FAE5B479}.Release|x86.ActiveCfg = Release|Any CPU
		{C263D4E2-47F3-440E-9506-DC90FAE5B479}.Release|x86.Build.0 = Release|Any CPU
		{1C7B3B36-D5FB-4A64-B0BE-2454D5F7382A}.Debug|Any CPU.ActiveCfg = Debug|Any CPU
		{1C7B3B36-D5FB-4A64-B0BE-2454D5F7382A}.Debug|Any CPU.Build.0 = Debug|Any CPU
		{1C7B3B36-D5FB-4A64-B0BE-2454D5F7382A}.Debug|arm64.ActiveCfg = Debug|Any CPU
		{1C7B3B36-D5FB-4A64-B0BE-2454D5F7382A}.Debug|arm64.Build.0 = Debug|Any CPU
		{1C7B3B36-D5FB-4A64-B0BE-2454D5F7382A}.Debug|x64.ActiveCfg = Debug|Any CPU
		{1C7B3B36-D5FB-4A64-B0BE-2454D5F7382A}.Debug|x64.Build.0 = Debug|Any CPU
		{1C7B3B36-D5FB-4A64-B0BE-2454D5F7382A}.Debug|x86.ActiveCfg = Debug|Any CPU
		{1C7B3B36-D5FB-4A64-B0BE-2454D5F7382A}.Debug|x86.Build.0 = Debug|Any CPU
		{1C7B3B36-D5FB-4A64-B0BE-2454D5F7382A}.Release|Any CPU.ActiveCfg = Release|Any CPU
		{1C7B3B36-D5FB-4A64-B0BE-2454D5F7382A}.Release|Any CPU.Build.0 = Release|Any CPU
		{1C7B3B36-D5FB-4A64-B0BE-2454D5F7382A}.Release|arm64.ActiveCfg = Release|Any CPU
		{1C7B3B36-D5FB-4A64-B0BE-2454D5F7382A}.Release|arm64.Build.0 = Release|Any CPU
		{1C7B3B36-D5FB-4A64-B0BE-2454D5F7382A}.Release|x64.ActiveCfg = Release|Any CPU
		{1C7B3B36-D5FB-4A64-B0BE-2454D5F7382A}.Release|x64.Build.0 = Release|Any CPU
		{1C7B3B36-D5FB-4A64-B0BE-2454D5F7382A}.Release|x86.ActiveCfg = Release|Any CPU
		{1C7B3B36-D5FB-4A64-B0BE-2454D5F7382A}.Release|x86.Build.0 = Release|Any CPU
	EndGlobalSection
	GlobalSection(SolutionProperties) = preSolution
		HideSolutionNode = FALSE
	EndGlobalSection
	GlobalSection(ExtensibilityGlobals) = postSolution
		SolutionGuid = {123949C9-841D-405A-8FE9-B6388473AA09}
	EndGlobalSection
EndGlobal
